{
  "name": "jsmportfolio",
  "version": "1.0.0",
  "lockfileVersion": 1,
  "requires": true,
  "dependencies": {
    "sanity": {
      "version": "2.29.3",
      "resolved": "https://registry.npmjs.org/sanity/-/sanity-2.29.3.tgz",
      "integrity": "sha512-k4A4MzAcCp7VzdvnbQQRkmmuQuXL2jsxwmH0fzCU0uyPWi+DZDQFsZKuoxhDscTOHOhRcZh0+z1EIFs4wRbSzg=="
    }
  }
}
